// !$*UTF8*$!
{
	archiveVersion = 1;
	classes = {
	};
	objectVersion = 56;
	objects = {

/* Begin PBXBuildFile section */
		8847DBC82BA1AA3C00A7DCFA /* main.swift in Sources */ = {isa = PBXBuildFile; fileRef = 8847DBC72BA1AA3C00A7DCFA /* main.swift */; };
		88E132D82BCA3AB800D69EF6 /* taskA.swift in Sources */ = {isa = PBXBuildFile; fileRef = 88E132D72BCA3AB800D69EF6 /* taskA.swift */; };
		88E132DA2BCA3B4A00D69EF6 /* taskB.swift in Sources */ = {isa = PBXBuildFile; fileRef = 88E132D92BCA3B4A00D69EF6 /* taskB.swift */; };
		88E132DC2BCA3B5A00D69EF6 /* taskC.swift in Sources */ = {isa = PBXBuildFile; fileRef = 88E132DB2BCA3B5A00D69EF6 /* taskC.swift */; };
		88E132E12BCA63BB00D69EF6 /* taskD.swift in Sources */ = {isa = PBXBuildFile; fileRef = 88E132E02BCA63BB00D69EF6 /* taskD.swift */; };
/* End PBXBuildFile section */

/* Begin PBXCopyFilesBuildPhase section */
		8847DBC22BA1AA3C00A7DCFA /* CopyFiles */ = {
			isa = PBXCopyFilesBuildPhase;
			buildActionMask = 2147483647;
			dstPath = /usr/share/man/man1/;
			dstSubfolderSpec = 0;
			files = (
			);
			runOnlyForDeploymentPostprocessing = 1;
		};
/* End PBXCopyFilesBuildPhase section */

/* Begin PBXFileReference section */
		8847DBC42BA1AA3C00A7DCFA /* YA5_part2 */ = {isa = PBXFileReference; explicitFileType = "compiled.mach-o.executable"; includeInIndex = 0; path = YA5_part2; sourceTree = BUILT_PRODUCTS_DIR; };
		8847DBC72BA1AA3C00A7DCFA /* main.swift */ = {isa = PBXFileReference; lastKnownFileType = sourcecode.swift; path = main.swift; sourceTree = "<group>"; };
		88E132D72BCA3AB800D69EF6 /* taskA.swift */ = {isa = PBXFileReference; lastKnownFileType = sourcecode.swift; path = taskA.swift; sourceTree = "<group>"; };
		88E132D92BCA3B4A00D69EF6 /* taskB.swift */ = {isa = PBXFileReference; lastKnownFileType = sourcecode.swift; path = taskB.swift; sourceTree = "<group>"; };
		88E132DB2BCA3B5A00D69EF6 /* taskC.swift */ = {isa = PBXFileReference; lastKnownFileType = sourcecode.swift; path = taskC.swift; sourceTree = "<group>"; };
		88E132E02BCA63BB00D69EF6 /* taskD.swift */ = {isa = PBXFileReference; lastKnownFileType = sourcecode.swift; path = taskD.swift; sourceTree = "<group>"; };
/* End PBXFileReference section */

/* Begin PBXFrameworksBuildPhase section */
		8847DBC12BA1AA3C00A7DCFA /* Frameworks */ = {
			isa = PBXFrameworksBuildPhase;
			buildActionMask = 2147483647;
			files = (
			);
			runOnlyForDeploymentPostprocessing = 0;
		};
/* End PBXFrameworksBuildPhase section */

/* Begin PBXGroup section */
		8847DBBB2BA1AA3B00A7DCFA = {
			isa = PBXGroup;
			children = (
				88E132DF2BCA5EE000D69EF6 /* Lesson_1 */,
				8847DBC62BA1AA3C00A7DCFA /* Lesson_2 */,
				8847DBC52BA1AA3C00A7DCFA /* Products */,
			);
			sourceTree = "<group>";
		};
		8847DBC52BA1AA3C00A7DCFA /* Products */ = {
			isa = PBXGroup;
			children = (
				8847DBC42BA1AA3C00A7DCFA /* YA5_part2 */,
			);
			name = Products;
			sourceTree = "<group>";
		};
		8847DBC62BA1AA3C00A7DCFA /* Lesson_2 */ = {
			isa = PBXGroup;
			children = (
				8847DBC72BA1AA3C00A7DCFA /* main.swift */,
				88E132D72BCA3AB800D69EF6 /* taskA.swift */,
				88E132D92BCA3B4A00D69EF6 /* taskB.swift */,
				88E132DB2BCA3B5A00D69EF6 /* taskC.swift */,
				88E132E02BCA63BB00D69EF6 /* taskD.swift */,
			);
			path = Lesson_2;
			sourceTree = "<group>";
		};
		88E132DF2BCA5EE000D69EF6 /* Lesson_1 */ = {
			isa = PBXGroup;
			children = (
			);
			path = Lesson_1;
			sourceTree = "<group>";
		};
/* End PBXGroup section */

/* Begin PBXNativeTarget section */
		8847DBC32BA1AA3C00A7DCFA /* YA5_part2 */ = {
			isa = PBXNativeTarget;
			buildConfigurationList = 8847DBCB2BA1AA3C00A7DCFA /* Build configuration list for PBXNativeTarget "YA5_part2" */;
			buildPhases = (
				8847DBC02BA1AA3C00A7DCFA /* Sources */,
				8847DBC12BA1AA3C00A7DCFA /* Frameworks */,
				8847DBC22BA1AA3C00A7DCFA /* CopyFiles */,
			);
			buildRules = (
			);
			dependencies = (
			);
			name = YA5_part2;
			productName = YA5_part2;
			productReference = 8847DBC42BA1AA3C00A7DCFA /* YA5_part2 */;
			productType = "com.apple.product-type.tool";
		};
/* End PBXNativeTarget section */

/* Begin PBXProject section */
		8847DBBC2BA1AA3B00A7DCFA /* Project object */ = {
			isa = PBXProject;
			attributes = {
				BuildIndependentTargetsInParallel = 1;
				LastSwiftUpdateCheck = 1520;
				LastUpgradeCheck = 1530;
				TargetAttributes = {
					8847DBC32BA1AA3C00A7DCFA = {
						CreatedOnToolsVersion = 15.2;
					};
				};
			};
			buildConfigurationList = 8847DBBF2BA1AA3B00A7DCFA /* Build configuration list for PBXProject "YA5_part2" */;
			compatibilityVersion = "Xcode 14.0";
			developmentRegion = en;
			hasScannedForEncodings = 0;
			knownRegions = (
				en,
				Base,
			);
			mainGroup = 8847DBBB2BA1AA3B00A7DCFA;
			productRefGroup = 8847DBC52BA1AA3C00A7DCFA /* Products */;
			projectDirPath = "";
			projectRoot = "";
			targets = (
				8847DBC32BA1AA3C00A7DCFA /* YA5_part2 */,
			);
		};
/* End PBXProject section */

/* Begin PBXSourcesBuildPhase section */
		8847DBC02BA1AA3C00A7DCFA /* Sources */ = {
			isa = PBXSourcesBuildPhase;
			buildActionMask = 2147483647;
			files = (
				88E132DC2BCA3B5A00D69EF6 /* taskC.swift in Sources */,
				88E132DA2BCA3B4A00D69EF6 /* taskB.swift in Sources */,
				88E132E12BCA63BB00D69EF6 /* taskD.swift in Sources */,
				88E132D82BCA3AB800D69EF6 /* taskA.swift in Sources */,
				8847DBC82BA1AA3C00A7DCFA /* main.swift in Sources */,
			);
			runOnlyForDeploymentPostprocessing = 0;
		};
/* End PBXSourcesBuildPhase section */

/* Begin XCBuildConfiguration section */
		8847DBC92BA1AA3C00A7DCFA /* Debug */ = {
			isa = XCBuildConfiguration;
			buildSettings = {
				ALWAYS_SEARCH_USER_PATHS = NO;
				ASSETCATALOG_COMPILER_GENERATE_SWIFT_ASSET_SYMBOL_EXTENSIONS = YES;
				CLANG_ANALYZER_NONNULL = YES;
				CLANG_ANALYZER_NUMBER_OBJECT_CONVERSION = YES_AGGRESSIVE;
				CLANG_CXX_LANGUAGE_STANDARD = "gnu++20";
				CLANG_ENABLE_MODULES = YES;
				CLANG_ENABLE_OBJC_ARC = YES;
				CLANG_ENABLE_OBJC_WEAK = YES;
				CLANG_WARN_BLOCK_CAPTURE_AUTORELEASING = YES;
				CLANG_WARN_BOOL_CONVERSION = YES;
				CLANG_WARN_COMMA = YES;
				CLANG_WARN_CONSTANT_CONVERSION = YES;
				CLANG_WARN_DEPRECATED_OBJC_IMPLEMENTATIONS = YES;
				CLANG_WARN_DIRECT_OBJC_ISA_USAGE = YES_ERROR;
				CLANG_WARN_DOCUMENTATION_COMMENTS = YES;
				CLANG_WARN_EMPTY_BODY = YES;
				CLANG_WARN_ENUM_CONVERSION = YES;
				CLANG_WARN_INFINITE_RECURSION = YES;
				CLANG_WARN_INT_CONVERSION = YES;
				CLANG_WARN_NON_LITERAL_NULL_CONVERSION = YES;
				CLANG_WARN_OBJC_IMPLICIT_RETAIN_SELF = YES;
				CLANG_WARN_OBJC_LITERAL_CONVERSION = YES;
				CLANG_WARN_OBJC_ROOT_CLASS = YES_ERROR;
				CLANG_WARN_QUOTED_INCLUDE_IN_FRAMEWORK_HEADER = YES;
				CLANG_WARN_RANGE_LOOP_ANALYSIS = YES;
				CLANG_WARN_STRICT_PROTOTYPES = YES;
				CLANG_WARN_SUSPICIOUS_MOVE = YES;
				CLANG_WARN_UNGUARDED_AVAILABILITY = YES_AGGRESSIVE;
				CLANG_WARN_UNREACHABLE_CODE = YES;
				CLANG_WARN__DUPLICATE_METHOD_MATCH = YES;
				COPY_PHASE_STRIP = NO;
				DEAD_CODE_STRIPPING = YES;
				DEBUG_INFORMATION_FORMAT = dwarf;
				ENABLE_STRICT_OBJC_MSGSEND = YES;
				ENABLE_TESTABILITY = YES;
				ENABLE_USER_SCRIPT_SANDBOXING = YES;
				GCC_C_LANGUAGE_STANDARD = gnu17;
				GCC_DYNAMIC_NO_PIC = NO;
				GCC_NO_COMMON_BLOCKS = YES;
				GCC_OPTIMIZATION_LEVEL = 0;
				GCC_PREPROCESSOR_DEFINITIONS = (
					"DEBUG=1",
					"$(inherited)",
				);
				GCC_WARN_64_TO_32_BIT_CONVERSION = YES;
				GCC_WARN_ABOUT_RETURN_TYPE = YES_ERROR;
				GCC_WARN_UNDECLARED_SELECTOR = YES;
				GCC_WARN_UNINITIALIZED_AUTOS = YES_AGGRESSIVE;
				GCC_WARN_UNUSED_FUNCTION = YES;
				GCC_WARN_UNUSED_VARIABLE = YES;
				LOCALIZATION_PREFERS_STRING_CATALOGS = YES;
				MACOSX_DEPLOYMENT_TARGET = 14.0;
				MTL_ENABLE_DEBUG_INFO = INCLUDE_SOURCE;
				MTL_FAST_MATH = YES;
				ONLY_ACTIVE_ARCH = YES;
				SDKROOT = macosx;
				SWIFT_ACTIVE_COMPILATION_CONDITIONS = "DEBUG $(inherited)";
				SWIFT_OPTIMIZATION_LEVEL = "-Onone";
			};
			name = Debug;
		};
		8847DBCA2BA1AA3C00A7DCFA /* Release */ = {
			isa = XCBuildConfiguration;
			buildSettings = {
				ALWAYS_SEARCH_USER_PATHS = NO;
				ASSETCATALOG_COMPILER_GENERATE_SWIFT_ASSET_SYMBOL_EXTENSIONS = YES;
				CLANG_ANALYZER_NONNULL = YES;
				CLANG_ANALYZER_NUMBER_OBJECT_CONVERSION = YES_AGGRESSIVE;
				CLANG_CXX_LANGUAGE_STANDARD = "gnu++20";
				CLANG_ENABLE_MODULES = YES;
				CLANG_ENABLE_OBJC_ARC = YES;
				CLANG_ENABLE_OBJC_WEAK = YES;
				CLANG_WARN_BLOCK_CAPTURE_AUTORELEASING = YES;
				CLANG_WARN_BOOL_CONVERSION = YES;
				CLANG_WARN_COMMA = YES;
				CLANG_WARN_CONSTANT_CONVERSION = YES;
				CLANG_WARN_DEPRECATED_OBJC_IMPLEMENTATIONS = YES;
				CLANG_WARN_DIRECT_OBJC_ISA_USAGE = YES_ERROR;
				CLANG_WARN_DOCUMENTATION_COMMENTS = YES;
				CLANG_WARN_EMPTY_BODY = YES;
				CLANG_WARN_ENUM_CONVERSION = YES;
				CLANG_WARN_INFINITE_RECURSION = YES;
				CLANG_WARN_INT_CONVERSION = YES;
				CLANG_WARN_NON_LITERAL_NULL_CONVERSION = YES;
				CLANG_WARN_OBJC_IMPLICIT_RETAIN_SELF = YES;
				CLANG_WARN_OBJC_LITERAL_CONVERSION = YES;
				CLANG_WARN_OBJC_ROOT_CLASS = YES_ERROR;
				CLANG_WARN_QUOTED_INCLUDE_IN_FRAMEWORK_HEADER = YES;
				CLANG_WARN_RANGE_LOOP_ANALYSIS = YES;
				CLANG_WARN_STRICT_PROTOTYPES = YES;
				CLANG_WARN_SUSPICIOUS_MOVE = YES;
				CLANG_WARN_UNGUARDED_AVAILABILITY = YES_AGGRESSIVE;
				CLANG_WARN_UNREACHABLE_CODE = YES;
				CLANG_WARN__DUPLICATE_METHOD_MATCH = YES;
				COPY_PHASE_STRIP = NO;
				DEAD_CODE_STRIPPING = YES;
				DEBUG_INFORMATION_FORMAT = "dwarf-with-dsym";
				ENABLE_NS_ASSERTIONS = NO;
				ENABLE_STRICT_OBJC_MSGSEND = YES;
				ENABLE_USER_SCRIPT_SANDBOXING = YES;
				GCC_C_LANGUAGE_STANDARD = gnu17;
				GCC_NO_COMMON_BLOCKS = YES;
				GCC_WARN_64_TO_32_BIT_CONVERSION = YES;
				GCC_WARN_ABOUT_RETURN_TYPE = YES_ERROR;
				GCC_WARN_UNDECLARED_SELECTOR = YES;
				GCC_WARN_UNINITIALIZED_AUTOS = YES_AGGRESSIVE;
				GCC_WARN_UNUSED_FUNCTION = YES;
				GCC_WARN_UNUSED_VARIABLE = YES;
				LOCALIZATION_PREFERS_STRING_CATALOGS = YES;
				MACOSX_DEPLOYMENT_TARGET = 14.0;
				MTL_ENABLE_DEBUG_INFO = NO;
				MTL_FAST_MATH = YES;
				SDKROOT = macosx;
				SWIFT_COMPILATION_MODE = wholemodule;
			};
			name = Release;
		};
		8847DBCC2BA1AA3C00A7DCFA /* Debug */ = {
			isa = XCBuildConfiguration;
			buildSettings = {
				CODE_SIGN_STYLE = Automatic;
				DEAD_CODE_STRIPPING = YES;
				DEVELOPMENT_TEAM = LZP4UC5RAY;
				ENABLE_HARDENED_RUNTIME = YES;
				PRODUCT_NAME = "$(TARGET_NAME)";
				SWIFT_VERSION = 5.0;
			};
			name = Debug;
		};
		8847DBCD2BA1AA3C00A7DCFA /* Release */ = {
			isa = XCBuildConfiguration;
			buildSettings = {
				CODE_SIGN_STYLE = Automatic;
				DEAD_CODE_STRIPPING = YES;
				DEVELOPMENT_TEAM = LZP4UC5RAY;
				ENABLE_HARDENED_RUNTIME = YES;
				PRODUCT_NAME = "$(TARGET_NAME)";
				SWIFT_VERSION = 5.0;
			};
			name = Release;
		};
/* End XCBuildConfiguration section */

/* Begin XCConfigurationList section */
		8847DBBF2BA1AA3B00A7DCFA /* Build configuration list for PBXProject "YA5_part2" */ = {
			isa = XCConfigurationList;
			buildConfigurations = (
				8847DBC92BA1AA3C00A7DCFA /* Debug */,
				8847DBCA2BA1AA3C00A7DCFA /* Release */,
			);
			defaultConfigurationIsVisible = 0;
			defaultConfigurationName = Release;
		};
		8847DBCB2BA1AA3C00A7DCFA /* Build configuration list for PBXNativeTarget "YA5_part2" */ = {
			isa = XCConfigurationList;
			buildConfigurations = (
				8847DBCC2BA1AA3C00A7DCFA /* Debug */,
				8847DBCD2BA1AA3C00A7DCFA /* Release */,
			);
			defaultConfigurationIsVisible = 0;
			defaultConfigurationName = Release;
		};
/* End XCConfigurationList section */
	};
	rootObject = 8847DBBC2BA1AA3B00A7DCFA /* Project object */;
}
